
Microsoft Visual Studio Solution File, Format Version 12.00
# Visual Studio 15
VisualStudioVersion = 15.0.26430.16
MinimumVisualStudioVersion = 10.0.40219.1
Project("{2150E333-8FDC-42A3-9474-1A3956D46DE8}") = "Lists", "Lists", "{5A303E3D-E736-4852-8DF4-218FBAC72D25}"
EndProject
Project("{2150E333-8FDC-42A3-9474-1A3956D46DE8}") = "Identity", "Identity", "{3EBEC444-796D-4611-AAD6-901C4AFAECB3}"
EndProject
Project("{2150E333-8FDC-42A3-9474-1A3956D46DE8}") = "Domain.Model", "Domain.Model", "{1792E5FE-F125-4C15-B8A4-7CEF1F4C18F1}"
EndProject
Project("{2150E333-8FDC-42A3-9474-1A3956D46DE8}") = "Application", "Application", "{CD4F1E8E-4FCD-436C-8741-C6BED6ACACD2}"
EndProject
Project("{2150E333-8FDC-42A3-9474-1A3956D46DE8}") = "Backend", "Backend", "{F781FE1E-06E9-48C6-A7E6-1132819D8FC8}"
EndProject
Project("{2150E333-8FDC-42A3-9474-1A3956D46DE8}") = "Infrastructure", "Infrastructure", "{C656AD34-16E3-43C5-8136-4082101F3C08}"
EndProject
Project("{FAE04EC0-301F-11D3-BF4B-00C04F79EFBC}") = "ToDoApp.Lists.Persistence", "Backend\Lists\Infrastructure\ToDoApp.Lists.Persistence\ToDoApp.Lists.Persistence.csproj", "{8A570058-5748-474B-97D7-AC64E3FAF006}"
EndProject
Project("{FAE04EC0-301F-11D3-BF4B-00C04F79EFBC}") = "ToDoApp.Lists.Domain.Model", "Backend\Lists\Domain.Model\ToDoApp.Lists.Domain.Model\ToDoApp.Lists.Domain.Model.csproj", "{D8B7CDE5-F607-4AA7-B918-229F44CC5796}"
EndProject
Project("{FAE04EC0-301F-11D3-BF4B-00C04F79EFBC}") = "ToDoApp.Lists.Application", "Backend\Lists\Application\ToDoApp.Lists.Application\ToDoApp.Lists.Application.csproj", "{B5F29DDA-A5F8-4564-B4A0-7465DBE9C639}"
EndProject
Project("{2150E333-8FDC-42A3-9474-1A3956D46DE8}") = "Ports", "Ports", "{DFDB0584-F90F-4CCD-A50C-FC1E343EEE58}"
EndProject
Project("{FAE04EC0-301F-11D3-BF4B-00C04F79EFBC}") = "ToDoApp.Lists.Ports", "Backend\Lists\Ports\ToDoApp.Lists.Ports\ToDoApp.Lists.Ports.csproj", "{BAE2190F-60D4-40AB-B577-2003EBAD5147}"
EndProject
Project("{2150E333-8FDC-42A3-9474-1A3956D46DE8}") = "Infrastructure", "Infrastructure", "{FEA5DA73-0D91-4D05-84E7-579AACF48A73}"
EndProject
Project("{FAE04EC0-301F-11D3-BF4B-00C04F79EFBC}") = "ToDoApp.Identity.Persistence", "Backend\Identity\Infrastructure\ToDoApp.Identity.Persistence\ToDoApp.Identity.Persistence.csproj", "{AD8A6ED3-F1BD-4293-913A-1EBA240CAF8C}"
EndProject
Project("{2150E333-8FDC-42A3-9474-1A3956D46DE8}") = "Application", "Application", "{8D07B37B-A488-4DF0-AABF-90AD2C4FA839}"
EndProject
Project("{FAE04EC0-301F-11D3-BF4B-00C04F79EFBC}") = "ToDoApp.Identity.Application", "Backend\Identity\Application\ToDoApp.Identity.Application\ToDoApp.Identity.Application.csproj", "{05A503C9-D7D4-44E4-8383-E193A08ED52C}"
EndProject
Project("{2150E333-8FDC-42A3-9474-1A3956D46DE8}") = "Common", "Common", "{9277C28C-8154-44A5-8B6B-96316C7ECBA6}"
EndProject
Project("{FAE04EC0-301F-11D3-BF4B-00C04F79EFBC}") = "ToDoApp.Common", "Backend\Common\ToDoApp.Common\ToDoApp.Common.csproj", "{653458D9-61AB-4F46-875A-FD1EE1F7415A}"
EndProject
Project("{2150E333-8FDC-42A3-9474-1A3956D46DE8}") = "Ports", "Ports", "{1814F184-E268-41C7-A712-304B6A202A9C}"
EndProject
Project("{FAE04EC0-301F-11D3-BF4B-00C04F79EFBC}") = "ToDoApp.Identity.Ports", "Backend\Identity\Ports\ToDoApp.Identity.Ports\ToDoApp.Identity.Ports.csproj", "{773B6B5A-94A3-4EE9-9712-2E66CCFA377D}"
EndProject
Project("{FAE04EC0-301F-11D3-BF4B-00C04F79EFBC}") = "ToDoApp.Common.WebHost", "Backend\Common\ToDoApp.Common.WebHost\ToDoApp.Common.WebHost.csproj", "{88EB841E-4D2F-4B3D-A48F-D61E4E717F92}"
EndProject
Project("{2150E333-8FDC-42A3-9474-1A3956D46DE8}") = "Data", "Data", "{BCBAE0F4-859D-4625-99FF-A20E05EDE27D}"
EndProject
Project("{2150E333-8FDC-42A3-9474-1A3956D46DE8}") = "MySql", "MySql", "{59546D2B-EC4C-4090-A1E8-6366BDA4D057}"
EndProject
Project("{2150E333-8FDC-42A3-9474-1A3956D46DE8}") = "Frontend", "Frontend", "{B9C19324-797C-4229-BDD8-41F870B7D0F9}"
EndProject
Project("{FAE04EC0-301F-11D3-BF4B-00C04F79EFBC}") = "ToDoApp.Frontend", "Frontend\ToDoApp.Frontend\ToDoApp.Frontend.csproj", "{44835D00-EB33-4D91-A052-73EC5630F410}"
EndProject
Global
	GlobalSection(SolutionConfigurationPlatforms) = preSolution
		Debug|Any CPU = Debug|Any CPU
		Release|Any CPU = Release|Any CPU
	EndGlobalSection
	GlobalSection(ProjectConfigurationPlatforms) = postSolution
		{8A570058-5748-474B-97D7-AC64E3FAF006}.Debug|Any CPU.ActiveCfg = Debug|Any CPU
		{8A570058-5748-474B-97D7-AC64E3FAF006}.Debug|Any CPU.Build.0 = Debug|Any CPU
		{8A570058-5748-474B-97D7-AC64E3FAF006}.Release|Any CPU.ActiveCfg = Release|Any CPU
		{8A570058-5748-474B-97D7-AC64E3FAF006}.Release|Any CPU.Build.0 = Release|Any CPU
		{D8B7CDE5-F607-4AA7-B918-229F44CC5796}.Debug|Any CPU.ActiveCfg = Debug|Any CPU
		{D8B7CDE5-F607-4AA7-B918-229F44CC5796}.Debug|Any CPU.Build.0 = Debug|Any CPU
		{D8B7CDE5-F607-4AA7-B918-229F44CC5796}.Release|Any CPU.ActiveCfg = Release|Any CPU
		{D8B7CDE5-F607-4AA7-B918-229F44CC5796}.Release|Any CPU.Build.0 = Release|Any CPU
		{B5F29DDA-A5F8-4564-B4A0-7465DBE9C639}.Debug|Any CPU.ActiveCfg = Debug|Any CPU
		{B5F29DDA-A5F8-4564-B4A0-7465DBE9C639}.Debug|Any CPU.Build.0 = Debug|Any CPU
		{B5F29DDA-A5F8-4564-B4A0-7465DBE9C639}.Release|Any CPU.ActiveCfg = Release|Any CPU
		{B5F29DDA-A5F8-4564-B4A0-7465DBE9C639}.Release|Any CPU.Build.0 = Release|Any CPU
		{BAE2190F-60D4-40AB-B577-2003EBAD5147}.Debug|Any CPU.ActiveCfg = Debug|Any CPU
		{BAE2190F-60D4-40AB-B577-2003EBAD5147}.Debug|Any CPU.Build.0 = Debug|Any CPU
		{BAE2190F-60D4-40AB-B577-2003EBAD5147}.Release|Any CPU.ActiveCfg = Release|Any CPU
		{BAE2190F-60D4-40AB-B577-2003EBAD5147}.Release|Any CPU.Build.0 = Release|Any CPU
		{AD8A6ED3-F1BD-4293-913A-1EBA240CAF8C}.Debug|Any CPU.ActiveCfg = Debug|Any CPU
		{AD8A6ED3-F1BD-4293-913A-1EBA240CAF8C}.Debug|Any CPU.Build.0 = Debug|Any CPU
		{AD8A6ED3-F1BD-4293-913A-1EBA240CAF8C}.Release|Any CPU.ActiveCfg = Release|Any CPU
		{AD8A6ED3-F1BD-4293-913A-1EBA240CAF8C}.Release|Any CPU.Build.0 = Release|Any CPU
		{05A503C9-D7D4-44E4-8383-E193A08ED52C}.Debug|Any CPU.ActiveCfg = Debug|Any CPU
		{05A503C9-D7D4-44E4-8383-E193A08ED52C}.Debug|Any CPU.Build.0 = Debug|Any CPU
		{05A503C9-D7D4-44E4-8383-E193A08ED52C}.Release|Any CPU.ActiveCfg = Release|Any CPU
		{05A503C9-D7D4-44E4-8383-E193A08ED52C}.Release|Any CPU.Build.0 = Release|Any CPU
		{653458D9-61AB-4F46-875A-FD1EE1F7415A}.Debug|Any CPU.ActiveCfg = Debug|Any CPU
		{653458D9-61AB-4F46-875A-FD1EE1F7415A}.Debug|Any CPU.Build.0 = Debug|Any CPU
		{653458D9-61AB-4F46-875A-FD1EE1F7415A}.Release|Any CPU.ActiveCfg = Release|Any CPU
		{653458D9-61AB-4F46-875A-FD1EE1F7415A}.Release|Any CPU.Build.0 = Release|Any CPU
		{773B6B5A-94A3-4EE9-9712-2E66CCFA377D}.Debug|Any CPU.ActiveCfg = Debug|Any CPU
		{773B6B5A-94A3-4EE9-9712-2E66CCFA377D}.Debug|Any CPU.Build.0 = Debug|Any CPU
		{773B6B5A-94A3-4EE9-9712-2E66CCFA377D}.Release|Any CPU.ActiveCfg = Release|Any CPU
		{773B6B5A-94A3-4EE9-9712-2E66CCFA377D}.Release|Any CPU.Build.0 = Release|Any CPU
		{88EB841E-4D2F-4B3D-A48F-D61E4E717F92}.Debug|Any CPU.ActiveCfg = Debug|Any CPU
		{88EB841E-4D2F-4B3D-A48F-D61E4E717F92}.Debug|Any CPU.Build.0 = Debug|Any CPU
		{88EB841E-4D2F-4B3D-A48F-D61E4E717F92}.Release|Any CPU.ActiveCfg = Release|Any CPU
		{88EB841E-4D2F-4B3D-A48F-D61E4E717F92}.Release|Any CPU.Build.0 = Release|Any CPU
		{44835D00-EB33-4D91-A052-73EC5630F410}.Debug|Any CPU.ActiveCfg = Debug|Any CPU
		{44835D00-EB33-4D91-A052-73EC5630F410}.Debug|Any CPU.Build.0 = Debug|Any CPU
		{44835D00-EB33-4D91-A052-73EC5630F410}.Release|Any CPU.ActiveCfg = Release|Any CPU
		{44835D00-EB33-4D91-A052-73EC5630F410}.Release|Any CPU.Build.0 = Release|Any CPU
	EndGlobalSection
	GlobalSection(SolutionProperties) = preSolution
		HideSolutionNode = FALSE
	EndGlobalSection
	GlobalSection(NestedProjects) = preSolution
		{5A303E3D-E736-4852-8DF4-218FBAC72D25} = {F781FE1E-06E9-48C6-A7E6-1132819D8FC8}
		{3EBEC444-796D-4611-AAD6-901C4AFAECB3} = {F781FE1E-06E9-48C6-A7E6-1132819D8FC8}
		{1792E5FE-F125-4C15-B8A4-7CEF1F4C18F1} = {5A303E3D-E736-4852-8DF4-218FBAC72D25}
		{CD4F1E8E-4FCD-436C-8741-C6BED6ACACD2} = {5A303E3D-E736-4852-8DF4-218FBAC72D25}
		{C656AD34-16E3-43C5-8136-4082101F3C08} = {5A303E3D-E736-4852-8DF4-218FBAC72D25}
		{8A570058-5748-474B-97D7-AC64E3FAF006} = {C656AD34-16E3-43C5-8136-4082101F3C08}
		{D8B7CDE5-F607-4AA7-B918-229F44CC5796} = {1792E5FE-F125-4C15-B8A4-7CEF1F4C18F1}
		{B5F29DDA-A5F8-4564-B4A0-7465DBE9C639} = {CD4F1E8E-4FCD-436C-8741-C6BED6ACACD2}
		{DFDB0584-F90F-4CCD-A50C-FC1E343EEE58} = {5A303E3D-E736-4852-8DF4-218FBAC72D25}
		{BAE2190F-60D4-40AB-B577-2003EBAD5147} = {DFDB0584-F90F-4CCD-A50C-FC1E343EEE58}
		{FEA5DA73-0D91-4D05-84E7-579AACF48A73} = {3EBEC444-796D-4611-AAD6-901C4AFAECB3}
		{AD8A6ED3-F1BD-4293-913A-1EBA240CAF8C} = {FEA5DA73-0D91-4D05-84E7-579AACF48A73}
		{8D07B37B-A488-4DF0-AABF-90AD2C4FA839} = {3EBEC444-796D-4611-AAD6-901C4AFAECB3}
		{05A503C9-D7D4-44E4-8383-E193A08ED52C} = {8D07B37B-A488-4DF0-AABF-90AD2C4FA839}
		{9277C28C-8154-44A5-8B6B-96316C7ECBA6} = {F781FE1E-06E9-48C6-A7E6-1132819D8FC8}
		{653458D9-61AB-4F46-875A-FD1EE1F7415A} = {9277C28C-8154-44A5-8B6B-96316C7ECBA6}
		{1814F184-E268-41C7-A712-304B6A202A9C} = {3EBEC444-796D-4611-AAD6-901C4AFAECB3}
		{773B6B5A-94A3-4EE9-9712-2E66CCFA377D} = {1814F184-E268-41C7-A712-304B6A202A9C}
		{88EB841E-4D2F-4B3D-A48F-D61E4E717F92} = {9277C28C-8154-44A5-8B6B-96316C7ECBA6}
		{BCBAE0F4-859D-4625-99FF-A20E05EDE27D} = {F781FE1E-06E9-48C6-A7E6-1132819D8FC8}
		{59546D2B-EC4C-4090-A1E8-6366BDA4D057} = {BCBAE0F4-859D-4625-99FF-A20E05EDE27D}
		{44835D00-EB33-4D91-A052-73EC5630F410} = {B9C19324-797C-4229-BDD8-41F870B7D0F9}
	EndGlobalSection
EndGlobal
