
Microsoft Visual Studio Solution File, Format Version 12.00
# Visual Studio 15
VisualStudioVersion = 15.0.26430.16
MinimumVisualStudioVersion = 10.0.40219.1
Project("{2150E333-8FDC-42A3-9474-1A3956D46DE8}") = "Lists", "Lists", "{5A303E3D-E736-4852-8DF4-218FBAC72D25}"
EndProject
Project("{2150E333-8FDC-42A3-9474-1A3956D46DE8}") = "Identity", "Identity", "{3EBEC444-796D-4611-AAD6-901C4AFAECB3}"
EndProject
Project("{2150E333-8FDC-42A3-9474-1A3956D46DE8}") = "Domain.Model", "Domain.Model", "{1792E5FE-F125-4C15-B8A4-7CEF1F4C18F1}"
EndProject
Project("{2150E333-8FDC-42A3-9474-1A3956D46DE8}") = "Application", "Application", "{CD4F1E8E-4FCD-436C-8741-C6BED6ACACD2}"
EndProject
Project("{2150E333-8FDC-42A3-9474-1A3956D46DE8}") = "Backend", "Backend", "{F781FE1E-06E9-48C6-A7E6-1132819D8FC8}"
EndProject
Project("{2150E333-8FDC-42A3-9474-1A3956D46DE8}") = "Infrastructure", "Infrastructure", "{C656AD34-16E3-43C5-8136-4082101F3C08}"
EndProject
Project("{FAE04EC0-301F-11D3-BF4B-00C04F79EFBC}") = "ToDoApp.Lists.Persistence", "Backend\Lists\Infrastructure\ToDoApp.Lists.Persistence\ToDoApp.Lists.Persistence.csproj", "{8A570058-5748-474B-97D7-AC64E3FAF006}"
EndProject
Project("{FAE04EC0-301F-11D3-BF4B-00C04F79EFBC}") = "ToDoApp.Lists.Domain.Model", "Backend\Lists\Domain.Model\ToDoApp.Lists.Domain.Model\ToDoApp.Lists.Domain.Model.csproj", "{D8B7CDE5-F607-4AA7-B918-229F44CC5796}"
EndProject
Project("{FAE04EC0-301F-11D3-BF4B-00C04F79EFBC}") = "ToDoApp.Lists.Application", "Backend\Lists\Application\ToDoApp.Lists.Application\ToDoApp.Lists.Application.csproj", "{B5F29DDA-A5F8-4564-B4A0-7465DBE9C639}"
EndProject
Project("{2150E333-8FDC-42A3-9474-1A3956D46DE8}") = "Ports", "Ports", "{DFDB0584-F90F-4CCD-A50C-FC1E343EEE58}"
EndProject
Project("{FAE04EC0-301F-11D3-BF4B-00C04F79EFBC}") = "ToDoApp.Lists.Ports", "Backend\Lists\Ports\ToDoApp.Lists.Ports\ToDoApp.Lists.Ports.csproj", "{BAE2190F-60D4-40AB-B577-2003EBAD5147}"
EndProject
Global
	GlobalSection(SolutionConfigurationPlatforms) = preSolution
		Debug|Any CPU = Debug|Any CPU
		Release|Any CPU = Release|Any CPU
	EndGlobalSection
	GlobalSection(ProjectConfigurationPlatforms) = postSolution
		{8A570058-5748-474B-97D7-AC64E3FAF006}.Debug|Any CPU.ActiveCfg = Debug|Any CPU
		{8A570058-5748-474B-97D7-AC64E3FAF006}.Debug|Any CPU.Build.0 = Debug|Any CPU
		{8A570058-5748-474B-97D7-AC64E3FAF006}.Release|Any CPU.ActiveCfg = Release|Any CPU
		{8A570058-5748-474B-97D7-AC64E3FAF006}.Release|Any CPU.Build.0 = Release|Any CPU
		{D8B7CDE5-F607-4AA7-B918-229F44CC5796}.Debug|Any CPU.ActiveCfg = Debug|Any CPU
		{D8B7CDE5-F607-4AA7-B918-229F44CC5796}.Debug|Any CPU.Build.0 = Debug|Any CPU
		{D8B7CDE5-F607-4AA7-B918-229F44CC5796}.Release|Any CPU.ActiveCfg = Release|Any CPU
		{D8B7CDE5-F607-4AA7-B918-229F44CC5796}.Release|Any CPU.Build.0 = Release|Any CPU
		{B5F29DDA-A5F8-4564-B4A0-7465DBE9C639}.Debug|Any CPU.ActiveCfg = Debug|Any CPU
		{B5F29DDA-A5F8-4564-B4A0-7465DBE9C639}.Debug|Any CPU.Build.0 = Debug|Any CPU
		{B5F29DDA-A5F8-4564-B4A0-7465DBE9C639}.Release|Any CPU.ActiveCfg = Release|Any CPU
		{B5F29DDA-A5F8-4564-B4A0-7465DBE9C639}.Release|Any CPU.Build.0 = Release|Any CPU
		{BAE2190F-60D4-40AB-B577-2003EBAD5147}.Debug|Any CPU.ActiveCfg = Debug|Any CPU
		{BAE2190F-60D4-40AB-B577-2003EBAD5147}.Debug|Any CPU.Build.0 = Debug|Any CPU
		{BAE2190F-60D4-40AB-B577-2003EBAD5147}.Release|Any CPU.ActiveCfg = Release|Any CPU
		{BAE2190F-60D4-40AB-B577-2003EBAD5147}.Release|Any CPU.Build.0 = Release|Any CPU
	EndGlobalSection
	GlobalSection(SolutionProperties) = preSolution
		HideSolutionNode = FALSE
	EndGlobalSection
	GlobalSection(NestedProjects) = preSolution
		{5A303E3D-E736-4852-8DF4-218FBAC72D25} = {F781FE1E-06E9-48C6-A7E6-1132819D8FC8}
		{3EBEC444-796D-4611-AAD6-901C4AFAECB3} = {F781FE1E-06E9-48C6-A7E6-1132819D8FC8}
		{1792E5FE-F125-4C15-B8A4-7CEF1F4C18F1} = {5A303E3D-E736-4852-8DF4-218FBAC72D25}
		{CD4F1E8E-4FCD-436C-8741-C6BED6ACACD2} = {5A303E3D-E736-4852-8DF4-218FBAC72D25}
		{C656AD34-16E3-43C5-8136-4082101F3C08} = {5A303E3D-E736-4852-8DF4-218FBAC72D25}
		{8A570058-5748-474B-97D7-AC64E3FAF006} = {C656AD34-16E3-43C5-8136-4082101F3C08}
		{D8B7CDE5-F607-4AA7-B918-229F44CC5796} = {1792E5FE-F125-4C15-B8A4-7CEF1F4C18F1}
		{B5F29DDA-A5F8-4564-B4A0-7465DBE9C639} = {CD4F1E8E-4FCD-436C-8741-C6BED6ACACD2}
		{DFDB0584-F90F-4CCD-A50C-FC1E343EEE58} = {5A303E3D-E736-4852-8DF4-218FBAC72D25}
		{BAE2190F-60D4-40AB-B577-2003EBAD5147} = {DFDB0584-F90F-4CCD-A50C-FC1E343EEE58}
	EndGlobalSection
EndGlobal
